# Generated by pub
# See https://dart.dev/tools/pub/glossary#lockfile
packages:
  logger:
    dependency: "direct main"
    description:
      name: logger
      sha256: af05cc8714f356fd1f3888fb6741cbe9fbe25cdb6eedbab80e1a6db21047d4a4
      url: "https://pub.dev"
    source: hosted
    version: "2.3.0"
sdks:
  dart: ">=3.4.0 <4.0.0"
